
Microsoft Visual Studio Solution File, Format Version 12.00
# Visual Studio 15
VisualStudioVersion = 15.0.27703.2035
MinimumVisualStudioVersion = 10.0.40219.1
Project("{FAE04EC0-301F-11D3-BF4B-00C04F79EFBC}") = "FirstUwpApp", "FirstUwpApp\FirstUwpApp.csproj", "{E2BA2196-0455-4CEB-9BC5-40A5A0087CC3}"
EndProject
Project("{FAE04EC0-301F-11D3-BF4B-00C04F79EFBC}") = "CameraImageProcessing", "CameraImageProcessing\CameraImageProcessing.csproj", "{A87DCA1B-892B-423E-AD4F-19B13435C527}"
EndProject
Project("{2150E333-8FDC-42A3-9474-1A3956D46DE8}") = "OperationSelectionAndTesting", "OperationSelectionAndTesting", "{4186AA64-C35B-4E4E-AD90-F8A54CB6A6F2}"
EndProject
Project("{FAE04EC0-301F-11D3-BF4B-00C04F79EFBC}") = "AppWithCommands", "AppWithCommands\AppWithCommands.csproj", "{037EF659-3E19-414D-A3F9-F629C1793BC3}"
EndProject
Project("{FAE04EC0-301F-11D3-BF4B-00C04F79EFBC}") = "TestingWithMoq", "TestingWithMoq\TestingWithMoq.csproj", "{C7177933-B5A6-4105-AB7D-410DE42C3ED1}"
EndProject
Project("{2150E333-8FDC-42A3-9474-1A3956D46DE8}") = "ExcelReadWrite", "ExcelReadWrite", "{009549A2-2BD8-4329-ADD3-FF889003F801}"
EndProject
Project("{FAE04EC0-301F-11D3-BF4B-00C04F79EFBC}") = "GradingRegistrationHelper", "GradingRegistrationHelper\GradingRegistrationHelper.csproj", "{1941749E-ACCA-4C56-BBD2-7070B7655664}"
EndProject
Project("{FAE04EC0-301F-11D3-BF4B-00C04F79EFBC}") = "GradingRegistrationHelperTests", "GradingRegistrationHelperTests\GradingRegistrationHelperTests.csproj", "{B341D339-FC16-41E1-A1D8-3BDB68D6C34E}"
EndProject
Project("{9A19103F-16F7-4668-BE54-9A1E7A4F7556}") = "ExcelReaderStandardLibrary", "ExcelReaderStandardLibrary\ExcelReaderStandardLibrary.csproj", "{155E0AFA-2151-4563-8298-7105BB2DDA19}"
EndProject
Project("{FAE04EC0-301F-11D3-BF4B-00C04F79EFBC}") = "PeerReviewResultDistributionHelperTests", "PeerReviewResultDistributionHelperTests\PeerReviewResultDistributionHelperTests.csproj", "{D067B60A-0D07-47D7-AEDA-8230DB745AEE}"
EndProject
Project("{FAE04EC0-301F-11D3-BF4B-00C04F79EFBC}") = "PeerReviewCommonLib", "PeerReviewCommonLib\PeerReviewCommonLib.csproj", "{381E26D7-3D41-478F-878E-B973F961D938}"
EndProject
Project("{FAE04EC0-301F-11D3-BF4B-00C04F79EFBC}") = "PeerReviewDistributionHelper", "PeerReviewDistributionHelper\PeerReviewDistributionHelper.csproj", "{DC0A8CF2-61B0-431B-821A-D2BBC98042A5}"
EndProject
Global
	GlobalSection(SolutionConfigurationPlatforms) = preSolution
		Debug|Any CPU = Debug|Any CPU
		Debug|ARM = Debug|ARM
		Debug|x64 = Debug|x64
		Debug|x86 = Debug|x86
		Release|Any CPU = Release|Any CPU
		Release|ARM = Release|ARM
		Release|x64 = Release|x64
		Release|x86 = Release|x86
	EndGlobalSection
	GlobalSection(ProjectConfigurationPlatforms) = postSolution
		{E2BA2196-0455-4CEB-9BC5-40A5A0087CC3}.Debug|Any CPU.ActiveCfg = Debug|x86
		{E2BA2196-0455-4CEB-9BC5-40A5A0087CC3}.Debug|ARM.ActiveCfg = Debug|ARM
		{E2BA2196-0455-4CEB-9BC5-40A5A0087CC3}.Debug|ARM.Build.0 = Debug|ARM
		{E2BA2196-0455-4CEB-9BC5-40A5A0087CC3}.Debug|ARM.Deploy.0 = Debug|ARM
		{E2BA2196-0455-4CEB-9BC5-40A5A0087CC3}.Debug|x64.ActiveCfg = Debug|x64
		{E2BA2196-0455-4CEB-9BC5-40A5A0087CC3}.Debug|x64.Build.0 = Debug|x64
		{E2BA2196-0455-4CEB-9BC5-40A5A0087CC3}.Debug|x64.Deploy.0 = Debug|x64
		{E2BA2196-0455-4CEB-9BC5-40A5A0087CC3}.Debug|x86.ActiveCfg = Debug|x86
		{E2BA2196-0455-4CEB-9BC5-40A5A0087CC3}.Debug|x86.Build.0 = Debug|x86
		{E2BA2196-0455-4CEB-9BC5-40A5A0087CC3}.Debug|x86.Deploy.0 = Debug|x86
		{E2BA2196-0455-4CEB-9BC5-40A5A0087CC3}.Release|Any CPU.ActiveCfg = Release|x86
		{E2BA2196-0455-4CEB-9BC5-40A5A0087CC3}.Release|ARM.ActiveCfg = Release|ARM
		{E2BA2196-0455-4CEB-9BC5-40A5A0087CC3}.Release|ARM.Build.0 = Release|ARM
		{E2BA2196-0455-4CEB-9BC5-40A5A0087CC3}.Release|ARM.Deploy.0 = Release|ARM
		{E2BA2196-0455-4CEB-9BC5-40A5A0087CC3}.Release|x64.ActiveCfg = Release|x64
		{E2BA2196-0455-4CEB-9BC5-40A5A0087CC3}.Release|x64.Build.0 = Release|x64
		{E2BA2196-0455-4CEB-9BC5-40A5A0087CC3}.Release|x64.Deploy.0 = Release|x64
		{E2BA2196-0455-4CEB-9BC5-40A5A0087CC3}.Release|x86.ActiveCfg = Release|x86
		{E2BA2196-0455-4CEB-9BC5-40A5A0087CC3}.Release|x86.Build.0 = Release|x86
		{E2BA2196-0455-4CEB-9BC5-40A5A0087CC3}.Release|x86.Deploy.0 = Release|x86
		{A87DCA1B-892B-423E-AD4F-19B13435C527}.Debug|Any CPU.ActiveCfg = Debug|x86
		{A87DCA1B-892B-423E-AD4F-19B13435C527}.Debug|ARM.ActiveCfg = Debug|ARM
		{A87DCA1B-892B-423E-AD4F-19B13435C527}.Debug|ARM.Build.0 = Debug|ARM
		{A87DCA1B-892B-423E-AD4F-19B13435C527}.Debug|ARM.Deploy.0 = Debug|ARM
		{A87DCA1B-892B-423E-AD4F-19B13435C527}.Debug|x64.ActiveCfg = Debug|x64
		{A87DCA1B-892B-423E-AD4F-19B13435C527}.Debug|x64.Build.0 = Debug|x64
		{A87DCA1B-892B-423E-AD4F-19B13435C527}.Debug|x64.Deploy.0 = Debug|x64
		{A87DCA1B-892B-423E-AD4F-19B13435C527}.Debug|x86.ActiveCfg = Debug|x86
		{A87DCA1B-892B-423E-AD4F-19B13435C527}.Debug|x86.Build.0 = Debug|x86
		{A87DCA1B-892B-423E-AD4F-19B13435C527}.Debug|x86.Deploy.0 = Debug|x86
		{A87DCA1B-892B-423E-AD4F-19B13435C527}.Release|Any CPU.ActiveCfg = Release|x86
		{A87DCA1B-892B-423E-AD4F-19B13435C527}.Release|ARM.ActiveCfg = Release|ARM
		{A87DCA1B-892B-423E-AD4F-19B13435C527}.Release|ARM.Build.0 = Release|ARM
		{A87DCA1B-892B-423E-AD4F-19B13435C527}.Release|ARM.Deploy.0 = Release|ARM
		{A87DCA1B-892B-423E-AD4F-19B13435C527}.Release|x64.ActiveCfg = Release|x64
		{A87DCA1B-892B-423E-AD4F-19B13435C527}.Release|x64.Build.0 = Release|x64
		{A87DCA1B-892B-423E-AD4F-19B13435C527}.Release|x64.Deploy.0 = Release|x64
		{A87DCA1B-892B-423E-AD4F-19B13435C527}.Release|x86.ActiveCfg = Release|x86
		{A87DCA1B-892B-423E-AD4F-19B13435C527}.Release|x86.Build.0 = Release|x86
		{A87DCA1B-892B-423E-AD4F-19B13435C527}.Release|x86.Deploy.0 = Release|x86
		{037EF659-3E19-414D-A3F9-F629C1793BC3}.Debug|Any CPU.ActiveCfg = Debug|x86
		{037EF659-3E19-414D-A3F9-F629C1793BC3}.Debug|ARM.ActiveCfg = Debug|ARM
		{037EF659-3E19-414D-A3F9-F629C1793BC3}.Debug|ARM.Build.0 = Debug|ARM
		{037EF659-3E19-414D-A3F9-F629C1793BC3}.Debug|ARM.Deploy.0 = Debug|ARM
		{037EF659-3E19-414D-A3F9-F629C1793BC3}.Debug|x64.ActiveCfg = Debug|x64
		{037EF659-3E19-414D-A3F9-F629C1793BC3}.Debug|x64.Build.0 = Debug|x64
		{037EF659-3E19-414D-A3F9-F629C1793BC3}.Debug|x64.Deploy.0 = Debug|x64
		{037EF659-3E19-414D-A3F9-F629C1793BC3}.Debug|x86.ActiveCfg = Debug|x86
		{037EF659-3E19-414D-A3F9-F629C1793BC3}.Debug|x86.Build.0 = Debug|x86
		{037EF659-3E19-414D-A3F9-F629C1793BC3}.Debug|x86.Deploy.0 = Debug|x86
		{037EF659-3E19-414D-A3F9-F629C1793BC3}.Release|Any CPU.ActiveCfg = Release|x86
		{037EF659-3E19-414D-A3F9-F629C1793BC3}.Release|ARM.ActiveCfg = Release|ARM
		{037EF659-3E19-414D-A3F9-F629C1793BC3}.Release|ARM.Build.0 = Release|ARM
		{037EF659-3E19-414D-A3F9-F629C1793BC3}.Release|ARM.Deploy.0 = Release|ARM
		{037EF659-3E19-414D-A3F9-F629C1793BC3}.Release|x64.ActiveCfg = Release|x64
		{037EF659-3E19-414D-A3F9-F629C1793BC3}.Release|x64.Build.0 = Release|x64
		{037EF659-3E19-414D-A3F9-F629C1793BC3}.Release|x64.Deploy.0 = Release|x64
		{037EF659-3E19-414D-A3F9-F629C1793BC3}.Release|x86.ActiveCfg = Release|x86
		{037EF659-3E19-414D-A3F9-F629C1793BC3}.Release|x86.Build.0 = Release|x86
		{037EF659-3E19-414D-A3F9-F629C1793BC3}.Release|x86.Deploy.0 = Release|x86
		{C7177933-B5A6-4105-AB7D-410DE42C3ED1}.Debug|Any CPU.ActiveCfg = Debug|Any CPU
		{C7177933-B5A6-4105-AB7D-410DE42C3ED1}.Debug|Any CPU.Build.0 = Debug|Any CPU
		{C7177933-B5A6-4105-AB7D-410DE42C3ED1}.Debug|ARM.ActiveCfg = Debug|Any CPU
		{C7177933-B5A6-4105-AB7D-410DE42C3ED1}.Debug|ARM.Build.0 = Debug|Any CPU
		{C7177933-B5A6-4105-AB7D-410DE42C3ED1}.Debug|x64.ActiveCfg = Debug|Any CPU
		{C7177933-B5A6-4105-AB7D-410DE42C3ED1}.Debug|x64.Build.0 = Debug|Any CPU
		{C7177933-B5A6-4105-AB7D-410DE42C3ED1}.Debug|x86.ActiveCfg = Debug|Any CPU
		{C7177933-B5A6-4105-AB7D-410DE42C3ED1}.Debug|x86.Build.0 = Debug|Any CPU
		{C7177933-B5A6-4105-AB7D-410DE42C3ED1}.Release|Any CPU.ActiveCfg = Release|Any CPU
		{C7177933-B5A6-4105-AB7D-410DE42C3ED1}.Release|Any CPU.Build.0 = Release|Any CPU
		{C7177933-B5A6-4105-AB7D-410DE42C3ED1}.Release|ARM.ActiveCfg = Release|Any CPU
		{C7177933-B5A6-4105-AB7D-410DE42C3ED1}.Release|ARM.Build.0 = Release|Any CPU
		{C7177933-B5A6-4105-AB7D-410DE42C3ED1}.Release|x64.ActiveCfg = Release|Any CPU
		{C7177933-B5A6-4105-AB7D-410DE42C3ED1}.Release|x64.Build.0 = Release|Any CPU
		{C7177933-B5A6-4105-AB7D-410DE42C3ED1}.Release|x86.ActiveCfg = Release|Any CPU
		{C7177933-B5A6-4105-AB7D-410DE42C3ED1}.Release|x86.Build.0 = Release|Any CPU
		{1941749E-ACCA-4C56-BBD2-7070B7655664}.Debug|Any CPU.ActiveCfg = Debug|x86
		{1941749E-ACCA-4C56-BBD2-7070B7655664}.Debug|ARM.ActiveCfg = Debug|ARM
		{1941749E-ACCA-4C56-BBD2-7070B7655664}.Debug|ARM.Build.0 = Debug|ARM
		{1941749E-ACCA-4C56-BBD2-7070B7655664}.Debug|ARM.Deploy.0 = Debug|ARM
		{1941749E-ACCA-4C56-BBD2-7070B7655664}.Debug|x64.ActiveCfg = Debug|x64
		{1941749E-ACCA-4C56-BBD2-7070B7655664}.Debug|x64.Build.0 = Debug|x64
		{1941749E-ACCA-4C56-BBD2-7070B7655664}.Debug|x64.Deploy.0 = Debug|x64
		{1941749E-ACCA-4C56-BBD2-7070B7655664}.Debug|x86.ActiveCfg = Debug|x86
		{1941749E-ACCA-4C56-BBD2-7070B7655664}.Debug|x86.Build.0 = Debug|x86
		{1941749E-ACCA-4C56-BBD2-7070B7655664}.Debug|x86.Deploy.0 = Debug|x86
		{1941749E-ACCA-4C56-BBD2-7070B7655664}.Release|Any CPU.ActiveCfg = Release|x86
		{1941749E-ACCA-4C56-BBD2-7070B7655664}.Release|ARM.ActiveCfg = Release|ARM
		{1941749E-ACCA-4C56-BBD2-7070B7655664}.Release|ARM.Build.0 = Release|ARM
		{1941749E-ACCA-4C56-BBD2-7070B7655664}.Release|ARM.Deploy.0 = Release|ARM
		{1941749E-ACCA-4C56-BBD2-7070B7655664}.Release|x64.ActiveCfg = Release|x64
		{1941749E-ACCA-4C56-BBD2-7070B7655664}.Release|x64.Build.0 = Release|x64
		{1941749E-ACCA-4C56-BBD2-7070B7655664}.Release|x64.Deploy.0 = Release|x64
		{1941749E-ACCA-4C56-BBD2-7070B7655664}.Release|x86.ActiveCfg = Release|x86
		{1941749E-ACCA-4C56-BBD2-7070B7655664}.Release|x86.Build.0 = Release|x86
		{1941749E-ACCA-4C56-BBD2-7070B7655664}.Release|x86.Deploy.0 = Release|x86
		{B341D339-FC16-41E1-A1D8-3BDB68D6C34E}.Debug|Any CPU.ActiveCfg = Debug|x86
		{B341D339-FC16-41E1-A1D8-3BDB68D6C34E}.Debug|ARM.ActiveCfg = Debug|ARM
		{B341D339-FC16-41E1-A1D8-3BDB68D6C34E}.Debug|ARM.Build.0 = Debug|ARM
		{B341D339-FC16-41E1-A1D8-3BDB68D6C34E}.Debug|ARM.Deploy.0 = Debug|ARM
		{B341D339-FC16-41E1-A1D8-3BDB68D6C34E}.Debug|x64.ActiveCfg = Debug|x64
		{B341D339-FC16-41E1-A1D8-3BDB68D6C34E}.Debug|x64.Build.0 = Debug|x64
		{B341D339-FC16-41E1-A1D8-3BDB68D6C34E}.Debug|x64.Deploy.0 = Debug|x64
		{B341D339-FC16-41E1-A1D8-3BDB68D6C34E}.Debug|x86.ActiveCfg = Debug|x86
		{B341D339-FC16-41E1-A1D8-3BDB68D6C34E}.Debug|x86.Build.0 = Debug|x86
		{B341D339-FC16-41E1-A1D8-3BDB68D6C34E}.Debug|x86.Deploy.0 = Debug|x86
		{B341D339-FC16-41E1-A1D8-3BDB68D6C34E}.Release|Any CPU.ActiveCfg = Release|x86
		{B341D339-FC16-41E1-A1D8-3BDB68D6C34E}.Release|ARM.ActiveCfg = Release|ARM
		{B341D339-FC16-41E1-A1D8-3BDB68D6C34E}.Release|ARM.Build.0 = Release|ARM
		{B341D339-FC16-41E1-A1D8-3BDB68D6C34E}.Release|ARM.Deploy.0 = Release|ARM
		{B341D339-FC16-41E1-A1D8-3BDB68D6C34E}.Release|x64.ActiveCfg = Release|x64
		{B341D339-FC16-41E1-A1D8-3BDB68D6C34E}.Release|x64.Build.0 = Release|x64
		{B341D339-FC16-41E1-A1D8-3BDB68D6C34E}.Release|x64.Deploy.0 = Release|x64
		{B341D339-FC16-41E1-A1D8-3BDB68D6C34E}.Release|x86.ActiveCfg = Release|x86
		{B341D339-FC16-41E1-A1D8-3BDB68D6C34E}.Release|x86.Build.0 = Release|x86
		{B341D339-FC16-41E1-A1D8-3BDB68D6C34E}.Release|x86.Deploy.0 = Release|x86
		{155E0AFA-2151-4563-8298-7105BB2DDA19}.Debug|Any CPU.ActiveCfg = Debug|Any CPU
		{155E0AFA-2151-4563-8298-7105BB2DDA19}.Debug|Any CPU.Build.0 = Debug|Any CPU
		{155E0AFA-2151-4563-8298-7105BB2DDA19}.Debug|ARM.ActiveCfg = Debug|Any CPU
		{155E0AFA-2151-4563-8298-7105BB2DDA19}.Debug|ARM.Build.0 = Debug|Any CPU
		{155E0AFA-2151-4563-8298-7105BB2DDA19}.Debug|x64.ActiveCfg = Debug|Any CPU
		{155E0AFA-2151-4563-8298-7105BB2DDA19}.Debug|x64.Build.0 = Debug|Any CPU
		{155E0AFA-2151-4563-8298-7105BB2DDA19}.Debug|x86.ActiveCfg = Debug|Any CPU
		{155E0AFA-2151-4563-8298-7105BB2DDA19}.Debug|x86.Build.0 = Debug|Any CPU
		{155E0AFA-2151-4563-8298-7105BB2DDA19}.Release|Any CPU.ActiveCfg = Release|Any CPU
		{155E0AFA-2151-4563-8298-7105BB2DDA19}.Release|Any CPU.Build.0 = Release|Any CPU
		{155E0AFA-2151-4563-8298-7105BB2DDA19}.Release|ARM.ActiveCfg = Release|Any CPU
		{155E0AFA-2151-4563-8298-7105BB2DDA19}.Release|ARM.Build.0 = Release|Any CPU
		{155E0AFA-2151-4563-8298-7105BB2DDA19}.Release|x64.ActiveCfg = Release|Any CPU
		{155E0AFA-2151-4563-8298-7105BB2DDA19}.Release|x64.Build.0 = Release|Any CPU
		{155E0AFA-2151-4563-8298-7105BB2DDA19}.Release|x86.ActiveCfg = Release|Any CPU
		{155E0AFA-2151-4563-8298-7105BB2DDA19}.Release|x86.Build.0 = Release|Any CPU
		{D067B60A-0D07-47D7-AEDA-8230DB745AEE}.Debug|Any CPU.ActiveCfg = Debug|x86
		{D067B60A-0D07-47D7-AEDA-8230DB745AEE}.Debug|ARM.ActiveCfg = Debug|ARM
		{D067B60A-0D07-47D7-AEDA-8230DB745AEE}.Debug|ARM.Build.0 = Debug|ARM
		{D067B60A-0D07-47D7-AEDA-8230DB745AEE}.Debug|ARM.Deploy.0 = Debug|ARM
		{D067B60A-0D07-47D7-AEDA-8230DB745AEE}.Debug|x64.ActiveCfg = Debug|x64
		{D067B60A-0D07-47D7-AEDA-8230DB745AEE}.Debug|x64.Build.0 = Debug|x64
		{D067B60A-0D07-47D7-AEDA-8230DB745AEE}.Debug|x64.Deploy.0 = Debug|x64
		{D067B60A-0D07-47D7-AEDA-8230DB745AEE}.Debug|x86.ActiveCfg = Debug|x86
		{D067B60A-0D07-47D7-AEDA-8230DB745AEE}.Debug|x86.Build.0 = Debug|x86
		{D067B60A-0D07-47D7-AEDA-8230DB745AEE}.Debug|x86.Deploy.0 = Debug|x86
		{D067B60A-0D07-47D7-AEDA-8230DB745AEE}.Release|Any CPU.ActiveCfg = Release|x86
		{D067B60A-0D07-47D7-AEDA-8230DB745AEE}.Release|ARM.ActiveCfg = Release|ARM
		{D067B60A-0D07-47D7-AEDA-8230DB745AEE}.Release|ARM.Build.0 = Release|ARM
		{D067B60A-0D07-47D7-AEDA-8230DB745AEE}.Release|ARM.Deploy.0 = Release|ARM
		{D067B60A-0D07-47D7-AEDA-8230DB745AEE}.Release|x64.ActiveCfg = Release|x64
		{D067B60A-0D07-47D7-AEDA-8230DB745AEE}.Release|x64.Build.0 = Release|x64
		{D067B60A-0D07-47D7-AEDA-8230DB745AEE}.Release|x64.Deploy.0 = Release|x64
		{D067B60A-0D07-47D7-AEDA-8230DB745AEE}.Release|x86.ActiveCfg = Release|x86
		{D067B60A-0D07-47D7-AEDA-8230DB745AEE}.Release|x86.Build.0 = Release|x86
		{D067B60A-0D07-47D7-AEDA-8230DB745AEE}.Release|x86.Deploy.0 = Release|x86
		{381E26D7-3D41-478F-878E-B973F961D938}.Debug|Any CPU.ActiveCfg = Debug|Any CPU
		{381E26D7-3D41-478F-878E-B973F961D938}.Debug|Any CPU.Build.0 = Debug|Any CPU
		{381E26D7-3D41-478F-878E-B973F961D938}.Debug|ARM.ActiveCfg = Debug|ARM
		{381E26D7-3D41-478F-878E-B973F961D938}.Debug|ARM.Build.0 = Debug|ARM
		{381E26D7-3D41-478F-878E-B973F961D938}.Debug|x64.ActiveCfg = Debug|x64
		{381E26D7-3D41-478F-878E-B973F961D938}.Debug|x64.Build.0 = Debug|x64
		{381E26D7-3D41-478F-878E-B973F961D938}.Debug|x86.ActiveCfg = Debug|x86
		{381E26D7-3D41-478F-878E-B973F961D938}.Debug|x86.Build.0 = Debug|x86
		{381E26D7-3D41-478F-878E-B973F961D938}.Release|Any CPU.ActiveCfg = Release|Any CPU
		{381E26D7-3D41-478F-878E-B973F961D938}.Release|Any CPU.Build.0 = Release|Any CPU
		{381E26D7-3D41-478F-878E-B973F961D938}.Release|ARM.ActiveCfg = Release|ARM
		{381E26D7-3D41-478F-878E-B973F961D938}.Release|ARM.Build.0 = Release|ARM
		{381E26D7-3D41-478F-878E-B973F961D938}.Release|x64.ActiveCfg = Release|x64
		{381E26D7-3D41-478F-878E-B973F961D938}.Release|x64.Build.0 = Release|x64
		{381E26D7-3D41-478F-878E-B973F961D938}.Release|x86.ActiveCfg = Release|x86
		{381E26D7-3D41-478F-878E-B973F961D938}.Release|x86.Build.0 = Release|x86
		{DC0A8CF2-61B0-431B-821A-D2BBC98042A5}.Debug|Any CPU.ActiveCfg = Debug|x86
		{DC0A8CF2-61B0-431B-821A-D2BBC98042A5}.Debug|ARM.ActiveCfg = Debug|ARM
		{DC0A8CF2-61B0-431B-821A-D2BBC98042A5}.Debug|ARM.Build.0 = Debug|ARM
		{DC0A8CF2-61B0-431B-821A-D2BBC98042A5}.Debug|ARM.Deploy.0 = Debug|ARM
		{DC0A8CF2-61B0-431B-821A-D2BBC98042A5}.Debug|x64.ActiveCfg = Debug|x64
		{DC0A8CF2-61B0-431B-821A-D2BBC98042A5}.Debug|x64.Build.0 = Debug|x64
		{DC0A8CF2-61B0-431B-821A-D2BBC98042A5}.Debug|x64.Deploy.0 = Debug|x64
		{DC0A8CF2-61B0-431B-821A-D2BBC98042A5}.Debug|x86.ActiveCfg = Debug|x86
		{DC0A8CF2-61B0-431B-821A-D2BBC98042A5}.Debug|x86.Build.0 = Debug|x86
		{DC0A8CF2-61B0-431B-821A-D2BBC98042A5}.Debug|x86.Deploy.0 = Debug|x86
		{DC0A8CF2-61B0-431B-821A-D2BBC98042A5}.Release|Any CPU.ActiveCfg = Release|x86
		{DC0A8CF2-61B0-431B-821A-D2BBC98042A5}.Release|ARM.ActiveCfg = Release|ARM
		{DC0A8CF2-61B0-431B-821A-D2BBC98042A5}.Release|ARM.Build.0 = Release|ARM
		{DC0A8CF2-61B0-431B-821A-D2BBC98042A5}.Release|ARM.Deploy.0 = Release|ARM
		{DC0A8CF2-61B0-431B-821A-D2BBC98042A5}.Release|x64.ActiveCfg = Release|x64
		{DC0A8CF2-61B0-431B-821A-D2BBC98042A5}.Release|x64.Build.0 = Release|x64
		{DC0A8CF2-61B0-431B-821A-D2BBC98042A5}.Release|x64.Deploy.0 = Release|x64
		{DC0A8CF2-61B0-431B-821A-D2BBC98042A5}.Release|x86.ActiveCfg = Release|x86
		{DC0A8CF2-61B0-431B-821A-D2BBC98042A5}.Release|x86.Build.0 = Release|x86
		{DC0A8CF2-61B0-431B-821A-D2BBC98042A5}.Release|x86.Deploy.0 = Release|x86
	EndGlobalSection
	GlobalSection(SolutionProperties) = preSolution
		HideSolutionNode = FALSE
	EndGlobalSection
	GlobalSection(NestedProjects) = preSolution
		{037EF659-3E19-414D-A3F9-F629C1793BC3} = {4186AA64-C35B-4E4E-AD90-F8A54CB6A6F2}
		{1941749E-ACCA-4C56-BBD2-7070B7655664} = {009549A2-2BD8-4329-ADD3-FF889003F801}
		{B341D339-FC16-41E1-A1D8-3BDB68D6C34E} = {009549A2-2BD8-4329-ADD3-FF889003F801}
		{155E0AFA-2151-4563-8298-7105BB2DDA19} = {009549A2-2BD8-4329-ADD3-FF889003F801}
		{D067B60A-0D07-47D7-AEDA-8230DB745AEE} = {009549A2-2BD8-4329-ADD3-FF889003F801}
		{381E26D7-3D41-478F-878E-B973F961D938} = {009549A2-2BD8-4329-ADD3-FF889003F801}
		{DC0A8CF2-61B0-431B-821A-D2BBC98042A5} = {009549A2-2BD8-4329-ADD3-FF889003F801}
	EndGlobalSection
	GlobalSection(ExtensibilityGlobals) = postSolution
		SolutionGuid = {991FE759-7974-46C1-913E-3D432C757746}
	EndGlobalSection
EndGlobal
